
Microsoft Visual Studio Solution File, Format Version 12.00
# Visual Studio 14
VisualStudioVersion = 14.0.25420.1
MinimumVisualStudioVersion = 10.0.40219.1
Project("{FAE04EC0-301F-11D3-BF4B-00C04F79EFBC}") = "WebSisInventario", "WebSisInventario\WebSisInventario.csproj", "{A083F29F-E89D-4BE1-A3FE-1D8E430242D6}"
EndProject
Global
	GlobalSection(SolutionConfigurationPlatforms) = preSolution
		Debug|Any CPU = Debug|Any CPU
		Release|Any CPU = Release|Any CPU
	EndGlobalSection
	GlobalSection(ProjectConfigurationPlatforms) = postSolution
		{A083F29F-E89D-4BE1-A3FE-1D8E430242D6}.Debug|Any CPU.ActiveCfg = Debug|Any CPU
		{A083F29F-E89D-4BE1-A3FE-1D8E430242D6}.Debug|Any CPU.Build.0 = Debug|Any CPU
		{A083F29F-E89D-4BE1-A3FE-1D8E430242D6}.Release|Any CPU.ActiveCfg = Release|Any CPU
		{A083F29F-E89D-4BE1-A3FE-1D8E430242D6}.Release|Any CPU.Build.0 = Release|Any CPU
	EndGlobalSection
	GlobalSection(SolutionProperties) = preSolution
		HideSolutionNode = FALSE
	EndGlobalSection
EndGlobal
